
Microsoft Visual Studio Solution File, Format Version 12.00
# Visual Studio Version 17
VisualStudioVersion = 17.9.34321.82
MinimumVisualStudioVersion = 10.0.40219.1
Project("{2150E333-8FDC-42A3-9474-1A3956D46DE8}") = "src", "src", "{B2C65DE7-30D5-4E85-9333-B86F65F92284}"
EndProject
Project("{2150E333-8FDC-42A3-9474-1A3956D46DE8}") = "APIs", "APIs", "{FFBAC07D-C398-4099-B52A-2DA0EC9E4D52}"
EndProject
Project("{2150E333-8FDC-42A3-9474-1A3956D46DE8}") = "ApplicationCore", "ApplicationCore", "{B0CF9FDA-CDB8-4CC8-BB86-02723A8D67EA}"
EndProject
Project("{2150E333-8FDC-42A3-9474-1A3956D46DE8}") = "Common", "Common", "{6923BC9A-17D5-49F4-A596-F2245FA19030}"
EndProject
Project("{2150E333-8FDC-42A3-9474-1A3956D46DE8}") = "Infra", "Infra", "{7C9D9D64-F9BB-4777-93FA-EE52FC7298B6}"
EndProject
Project("{2150E333-8FDC-42A3-9474-1A3956D46DE8}") = "Workers", "Workers", "{29065885-3664-4C1D-A5A3-92EC2EB5C2F5}"
EndProject
Project("{2150E333-8FDC-42A3-9474-1A3956D46DE8}") = "test", "test", "{ACF0142D-ACA2-49A7-8346-EF47EC2D5191}"
EndProject
Project("{9A19103F-16F7-4668-BE54-9A1E7A4F7556}") = "CashFlowTracker.Domain", "src\CashFlowTracker.Domain\CashFlowTracker.Domain.csproj", "{6D852D61-CC5E-40FA-B528-513BBF162AB6}"
EndProject
Project("{FAE04EC0-301F-11D3-BF4B-00C04F79EFBC}") = "CashFlowTracker.Application", "src\CashFlowTracker.Application\CashFlowTracker.Application.csproj", "{904A0D9F-600D-4E27-B7F0-C09516E05111}"
EndProject
Project("{FAE04EC0-301F-11D3-BF4B-00C04F79EFBC}") = "CashFlowTracker.Infra.Data", "src\CashFlowTracker.Infra.Data\CashFlowTracker.Infra.Data.csproj", "{0D75D28A-7F21-44ED-A17E-AA890C727DAA}"
EndProject
Project("{FAE04EC0-301F-11D3-BF4B-00C04F79EFBC}") = "CashFlowTracker.UnitTest", "src\CashFlowTracker.UnitTest\CashFlowTracker.UnitTest.csproj", "{F92E7320-C272-49C0-A259-4EF254680812}"
EndProject
Project("{FAE04EC0-301F-11D3-BF4B-00C04F79EFBC}") = "CashFlowTracker.API", "src\CashFlowTracker.API\CashFlowTracker.API.csproj", "{1589DCAB-43FA-4632-8586-D3701047D79C}"
EndProject
Global
	GlobalSection(SolutionConfigurationPlatforms) = preSolution
		Debug|Any CPU = Debug|Any CPU
		Release|Any CPU = Release|Any CPU
	EndGlobalSection
	GlobalSection(ProjectConfigurationPlatforms) = postSolution
		{6D852D61-CC5E-40FA-B528-513BBF162AB6}.Debug|Any CPU.ActiveCfg = Debug|Any CPU
		{6D852D61-CC5E-40FA-B528-513BBF162AB6}.Debug|Any CPU.Build.0 = Debug|Any CPU
		{6D852D61-CC5E-40FA-B528-513BBF162AB6}.Release|Any CPU.ActiveCfg = Release|Any CPU
		{6D852D61-CC5E-40FA-B528-513BBF162AB6}.Release|Any CPU.Build.0 = Release|Any CPU
		{904A0D9F-600D-4E27-B7F0-C09516E05111}.Debug|Any CPU.ActiveCfg = Debug|Any CPU
		{904A0D9F-600D-4E27-B7F0-C09516E05111}.Debug|Any CPU.Build.0 = Debug|Any CPU
		{904A0D9F-600D-4E27-B7F0-C09516E05111}.Release|Any CPU.ActiveCfg = Release|Any CPU
		{904A0D9F-600D-4E27-B7F0-C09516E05111}.Release|Any CPU.Build.0 = Release|Any CPU
		{0D75D28A-7F21-44ED-A17E-AA890C727DAA}.Debug|Any CPU.ActiveCfg = Debug|Any CPU
		{0D75D28A-7F21-44ED-A17E-AA890C727DAA}.Debug|Any CPU.Build.0 = Debug|Any CPU
		{0D75D28A-7F21-44ED-A17E-AA890C727DAA}.Release|Any CPU.ActiveCfg = Release|Any CPU
		{0D75D28A-7F21-44ED-A17E-AA890C727DAA}.Release|Any CPU.Build.0 = Release|Any CPU
		{F92E7320-C272-49C0-A259-4EF254680812}.Debug|Any CPU.ActiveCfg = Debug|Any CPU
		{F92E7320-C272-49C0-A259-4EF254680812}.Debug|Any CPU.Build.0 = Debug|Any CPU
		{F92E7320-C272-49C0-A259-4EF254680812}.Release|Any CPU.ActiveCfg = Release|Any CPU
		{F92E7320-C272-49C0-A259-4EF254680812}.Release|Any CPU.Build.0 = Release|Any CPU
		{1589DCAB-43FA-4632-8586-D3701047D79C}.Debug|Any CPU.ActiveCfg = Debug|Any CPU
		{1589DCAB-43FA-4632-8586-D3701047D79C}.Debug|Any CPU.Build.0 = Debug|Any CPU
		{1589DCAB-43FA-4632-8586-D3701047D79C}.Release|Any CPU.ActiveCfg = Release|Any CPU
		{1589DCAB-43FA-4632-8586-D3701047D79C}.Release|Any CPU.Build.0 = Release|Any CPU
	EndGlobalSection
	GlobalSection(SolutionProperties) = preSolution
		HideSolutionNode = FALSE
	EndGlobalSection
	GlobalSection(NestedProjects) = preSolution
		{FFBAC07D-C398-4099-B52A-2DA0EC9E4D52} = {B2C65DE7-30D5-4E85-9333-B86F65F92284}
		{B0CF9FDA-CDB8-4CC8-BB86-02723A8D67EA} = {B2C65DE7-30D5-4E85-9333-B86F65F92284}
		{6923BC9A-17D5-49F4-A596-F2245FA19030} = {B2C65DE7-30D5-4E85-9333-B86F65F92284}
		{7C9D9D64-F9BB-4777-93FA-EE52FC7298B6} = {B2C65DE7-30D5-4E85-9333-B86F65F92284}
		{29065885-3664-4C1D-A5A3-92EC2EB5C2F5} = {B2C65DE7-30D5-4E85-9333-B86F65F92284}
		{6D852D61-CC5E-40FA-B528-513BBF162AB6} = {B0CF9FDA-CDB8-4CC8-BB86-02723A8D67EA}
		{904A0D9F-600D-4E27-B7F0-C09516E05111} = {B0CF9FDA-CDB8-4CC8-BB86-02723A8D67EA}
		{0D75D28A-7F21-44ED-A17E-AA890C727DAA} = {7C9D9D64-F9BB-4777-93FA-EE52FC7298B6}
		{F92E7320-C272-49C0-A259-4EF254680812} = {ACF0142D-ACA2-49A7-8346-EF47EC2D5191}
		{1589DCAB-43FA-4632-8586-D3701047D79C} = {FFBAC07D-C398-4099-B52A-2DA0EC9E4D52}
	EndGlobalSection
	GlobalSection(ExtensibilityGlobals) = postSolution
		SolutionGuid = {70043316-3D8F-4418-8DAA-81A5DCAE5804}
	EndGlobalSection
EndGlobal
